
Microsoft Visual Studio Solution File, Format Version 12.00
Project("{FAE04EC0-301F-11D3-BF4B-00C04F79EFBC}") = "EmulatorCLI", "EmulatorCLI\EmulatorCLI.csproj", "{AC145920-0409-436D-99AF-1D9BDABB0BBA}"
EndProject
Global
	GlobalSection(SolutionConfigurationPlatforms) = preSolution
		Debug|Any CPU = Debug|Any CPU
		Release|Any CPU = Release|Any CPU
	EndGlobalSection
	GlobalSection(ProjectConfigurationPlatforms) = postSolution
		{AC145920-0409-436D-99AF-1D9BDABB0BBA}.Debug|Any CPU.ActiveCfg = Debug|Any CPU
		{AC145920-0409-436D-99AF-1D9BDABB0BBA}.Debug|Any CPU.Build.0 = Debug|Any CPU
		{AC145920-0409-436D-99AF-1D9BDABB0BBA}.Release|Any CPU.ActiveCfg = Release|Any CPU
		{AC145920-0409-436D-99AF-1D9BDABB0BBA}.Release|Any CPU.Build.0 = Release|Any CPU
	EndGlobalSection
EndGlobal
