
Microsoft Visual Studio Solution File, Format Version 12.00
# Visual Studio Version 16
VisualStudioVersion = 16.0.30503.244
MinimumVisualStudioVersion = 10.0.40219.1
Project("{FAE04EC0-301F-11D3-BF4B-00C04F79EFBC}") = "TerminalEmulator", "TerminalEmulator\TerminalEmulator.csproj", "{4338D6E9-CA3E-4B8B-9658-6DC328682836}"
EndProject
Global
	GlobalSection(SolutionConfigurationPlatforms) = preSolution
		Debug|Any CPU = Debug|Any CPU
		Release|Any CPU = Release|Any CPU
	EndGlobalSection
	GlobalSection(ProjectConfigurationPlatforms) = postSolution
		{4338D6E9-CA3E-4B8B-9658-6DC328682836}.Debug|Any CPU.ActiveCfg = Debug|Any CPU
		{4338D6E9-CA3E-4B8B-9658-6DC328682836}.Debug|Any CPU.Build.0 = Debug|Any CPU
		{4338D6E9-CA3E-4B8B-9658-6DC328682836}.Release|Any CPU.ActiveCfg = Release|Any CPU
		{4338D6E9-CA3E-4B8B-9658-6DC328682836}.Release|Any CPU.Build.0 = Release|Any CPU
	EndGlobalSection
	GlobalSection(SolutionProperties) = preSolution
		HideSolutionNode = FALSE
	EndGlobalSection
	GlobalSection(ExtensibilityGlobals) = postSolution
		SolutionGuid = {D44D31B9-6787-4B7B-BDDB-6DA8C5474680}
	EndGlobalSection
EndGlobal
