
Microsoft Visual Studio Solution File, Format Version 12.00
# Visual Studio Version 16
VisualStudioVersion = 16.0.30611.23
MinimumVisualStudioVersion = 10.0.40219.1
Project("{FAE04EC0-301F-11D3-BF4B-00C04F79EFBC}") = "TerminalVIVT", "TerminalVIVT\TerminalVIVT.csproj", "{CF738911-2E12-4B6B-9669-3D560B98A95A}"
EndProject
Global
	GlobalSection(SolutionConfigurationPlatforms) = preSolution
		Debug|Any CPU = Debug|Any CPU
		Release|Any CPU = Release|Any CPU
	EndGlobalSection
	GlobalSection(ProjectConfigurationPlatforms) = postSolution
		{CF738911-2E12-4B6B-9669-3D560B98A95A}.Debug|Any CPU.ActiveCfg = Debug|Any CPU
		{CF738911-2E12-4B6B-9669-3D560B98A95A}.Debug|Any CPU.Build.0 = Debug|Any CPU
		{CF738911-2E12-4B6B-9669-3D560B98A95A}.Release|Any CPU.ActiveCfg = Release|Any CPU
		{CF738911-2E12-4B6B-9669-3D560B98A95A}.Release|Any CPU.Build.0 = Release|Any CPU
	EndGlobalSection
	GlobalSection(SolutionProperties) = preSolution
		HideSolutionNode = FALSE
	EndGlobalSection
	GlobalSection(ExtensibilityGlobals) = postSolution
		SolutionGuid = {916B5954-6016-475C-8466-FC16FFD3FACA}
	EndGlobalSection
EndGlobal
